# This file is autogenerated, do not edit; changes may be undone by the next 'dep ensure'.


[[projects]]
  branch = "dev"
  name = "github.com/AsynkronIT/protoactor-go"
  packages = [
    "actor",
    "eventstream",
    "internal/queue/goring",
    "internal/queue/mpsc",
    "log",
    "mailbox"
  ]
  revision = "3992780c0af683deb5ec3746f4ec5845139c6e42"

[[projects]]
  name = "github.com/VividCortex/gohistogram"
  packages = ["."]
  revision = "51564d9861991fb0ad0f531c99ef602d0f9866e6"
  version = "v1.0.0"

[[projects]]
  name = "github.com/Workiva/go-datastructures"
  packages = ["queue"]
  revision = "f338bf48899950e415caffa02222a7273fbdeaf6"
  version = "v1.0.48"

[[projects]]
  name = "github.com/certifi/gocertifi"
  packages = ["."]
  revision = "deb3ae2ef2610fde3330947281941c562861188b"
  version = "2018.01.18"

[[projects]]
  name = "github.com/cloudtrust/common-healthcheck"
  packages = [
    ".",
    "mock"
  ]
  revision = "fac77d6b1c5901e982f25d0e7246a3bafd791e5e"
  version = "1.0"

[[projects]]
  name = "github.com/cloudtrust/flaki-service"
  packages = [
    "pkg/health",
    "pkg/health/mock"
  ]
  revision = "d5eddb02e677236da91344fa93eab705ad903d69"
  version = "1.2"

[[projects]]
  name = "github.com/cloudtrust/go-jobs"
  packages = [
    ".",
    "actor",
    "job",
    "lock",
    "status"
  ]
  revision = "97dcd5290ef1cd6f10d64f9b736042a862a65cc4"
  version = "1.0"

[[projects]]
  branch = "master"
  name = "github.com/cloudtrust/keycloak-client"
  packages = ["."]
  revision = "6d7de7ffb26515d91304e334cf6dbadd72aa18f5"

[[projects]]
  branch = "master"
  name = "github.com/codahale/hdrhistogram"
  packages = ["."]
  revision = "3a0bb77429bd3a61596f5e8a3172445844342120"

[[projects]]
  name = "github.com/coreos/go-oidc"
  packages = ["."]
  revision = "1180514eaf4d9f38d0d19eef639a1d695e066e72"
  version = "v2.0.0"

[[projects]]
  name = "github.com/coreos/go-systemd"
  packages = ["dbus"]
  revision = "39ca1b05acc7ad1220e09f133283b8859a8b71ab"
  version = "v17"

[[projects]]
  name = "github.com/davecgh/go-spew"
  packages = ["spew"]
  revision = "346938d642f2ec3594ed81d874461961cd0faa76"
  version = "v1.1.0"

[[projects]]
  name = "github.com/emirpasic/gods"
  packages = [
    "containers",
    "lists",
    "lists/singlylinkedlist",
    "stacks",
    "stacks/linkedliststack",
    "utils"
  ]
  revision = "f6c17b524822278a87e3b3bd809fec33b51f5b46"
  version = "v1.9.0"

[[projects]]
  name = "github.com/fsnotify/fsnotify"
  packages = ["."]
  revision = "c2828203cd70a50dcccfb2761f8b1f8ceef9a8e9"
  version = "v1.4.7"

[[projects]]
  branch = "master"
  name = "github.com/getsentry/raven-go"
  packages = ["."]
  revision = "ed7bcb39ff10f39ab08e317ce16df282845852fa"

[[projects]]
  name = "github.com/go-kit/kit"
  packages = [
    "endpoint",
    "log",
    "metrics",
    "metrics/generic",
    "metrics/influx",
    "metrics/internal/lv",
    "ratelimit",
    "transport/grpc",
    "transport/http"
  ]
  revision = "ca4112baa34cb55091301bdc13b1420a122b1b9e"
  version = "v0.7.0"

[[projects]]
  name = "github.com/go-logfmt/logfmt"
  packages = ["."]
  revision = "390ab7935ee28ec6b286364bba9b4dd6410cb3d5"
  version = "v0.3.0"

[[projects]]
  name = "github.com/go-stack/stack"
  packages = ["."]
  revision = "259ab82a6cad3992b4e21ff5cac294ccb06474bc"
  version = "v1.7.0"

[[projects]]
  name = "github.com/godbus/dbus"
  packages = ["."]
  revision = "a389bdde4dd695d414e47b755e95e72b7826432c"
  version = "v4.1.0"

[[projects]]
  name = "github.com/gogo/protobuf"
  packages = [
    "gogoproto",
    "proto",
    "protoc-gen-gogo/descriptor"
  ]
  revision = "1adfc126b41513cc696b209667c8656ea7aac67c"
  version = "v1.0.0"

[[projects]]
  branch = "master"
  name = "github.com/golang/mock"
  packages = ["gomock"]
  revision = "22bbf0ddf08105dfa364d0a2fa619dfa71014af5"

[[projects]]
  name = "github.com/golang/protobuf"
  packages = [
    "proto",
    "ptypes",
    "ptypes/any",
    "ptypes/duration",
    "ptypes/timestamp"
  ]
  revision = "b4deda0973fb4c70b50d226b1af49f3da59f5265"
  version = "v1.1.0"

[[projects]]
  name = "github.com/gomodule/redigo"
  packages = [
    "internal",
    "redis"
  ]
  revision = "9c11da706d9b7902c6da69c592f75637793fe121"
  version = "v2.0.0"

[[projects]]
  name = "github.com/google/flatbuffers"
  packages = ["go"]
  revision = "20a400e940634108bad812f571582eeffc728eac"
  version = "v1.9.0"

[[projects]]
  name = "github.com/gorilla/context"
  packages = ["."]
  revision = "08b5f424b9271eedf6f9f0ce86cb9396ed337a42"
  version = "v1.1.1"

[[projects]]
  name = "github.com/gorilla/mux"
  packages = ["."]
  revision = "e3702bed27f0d39777b0b37b664b6280e8ef8fbf"
  version = "v1.6.2"

[[projects]]
  branch = "master"
  name = "github.com/hashicorp/hcl"
  packages = [
    ".",
    "hcl/ast",
    "hcl/parser",
    "hcl/printer",
    "hcl/scanner",
    "hcl/strconv",
    "hcl/token",
    "json/parser",
    "json/scanner",
    "json/token"
  ]
  revision = "ef8a98b0bbce4a65b5aa4c368430a80ddc533168"

[[projects]]
  name = "github.com/influxdata/influxdb"
  packages = [
    "client/v2",
    "models",
    "pkg/escape"
  ]
  revision = "89e084a80fb1e0bf5e7d38038e3367f821fdf3d7"
  version = "v1.5.3"

[[projects]]
  branch = "master"
  name = "github.com/kr/logfmt"
  packages = ["."]
  revision = "b84e30acd515aadc4b783ad4ff83aff3299bdfe0"

[[projects]]
  branch = "master"
  name = "github.com/lib/pq"
  packages = [
    ".",
    "oid"
  ]
  revision = "90697d60dd844d5ef6ff15135d0203f65d2f53b8"

[[projects]]
  name = "github.com/magiconair/properties"
  packages = ["."]
  revision = "c2353362d570a7bfa228149c62842019201cfb71"
  version = "v1.8.0"

[[projects]]
  branch = "master"
  name = "github.com/mitchellh/mapstructure"
  packages = ["."]
  revision = "bb74f1db0675b241733089d5a1faa5dd8b0ef57b"

[[projects]]
  name = "github.com/opentracing/opentracing-go"
  packages = [
    ".",
    "ext",
    "log"
  ]
  revision = "1949ddbfd147afd4d964a9f00b24eb291e0e7c38"
  version = "v1.0.2"

[[projects]]
  branch = "master"
  name = "github.com/orcaman/concurrent-map"
  packages = ["."]
  revision = "a05df785d2dcc16310fb997ee1702100d047cfe1"

[[projects]]
  name = "github.com/pelletier/go-toml"
  packages = ["."]
  revision = "c01d1270ff3e442a8a57cddc1c92dc1138598194"
  version = "v1.2.0"

[[projects]]
  name = "github.com/pkg/errors"
  packages = ["."]
  revision = "645ef00459ed84a119197bfb8d8205042c6df63d"
  version = "v0.8.0"

[[projects]]
  name = "github.com/pmezard/go-difflib"
  packages = ["difflib"]
  revision = "792786c7400a136282c1664665ae0a8db921c6c2"
  version = "v1.0.0"

[[projects]]
  branch = "master"
  name = "github.com/pquerna/cachecontrol"
  packages = [
    ".",
    "cacheobject"
  ]
  revision = "1555304b9b35fdd2b425bccf1a5613677705e7d0"

[[projects]]
  name = "github.com/spf13/afero"
  packages = [
    ".",
    "mem"
  ]
  revision = "787d034dfe70e44075ccc060d346146ef53270ad"
  version = "v1.1.1"

[[projects]]
  name = "github.com/spf13/cast"
  packages = ["."]
  revision = "8965335b8c7107321228e3e3702cab9832751bac"
  version = "v1.2.0"

[[projects]]
  branch = "master"
  name = "github.com/spf13/jwalterweatherman"
  packages = ["."]
  revision = "7c0cea34c8ece3fbeb2b27ab9b59511d360fb394"

[[projects]]
  name = "github.com/spf13/pflag"
  packages = ["."]
  revision = "583c0c0531f06d5278b7d917446061adc344b5cd"
  version = "v1.0.1"

[[projects]]
  name = "github.com/spf13/viper"
  packages = ["."]
  revision = "b5e8006cbee93ec955a89ab31e0e3ce3204f3736"
  version = "v1.0.2"

[[projects]]
  name = "github.com/stretchr/testify"
  packages = ["assert"]
  revision = "f35b8ab0b5a2cef36673838d662e249dd9c94686"
  version = "v1.2.2"

[[projects]]
  name = "github.com/uber/jaeger-client-go"
  packages = [
    ".",
    "config",
    "internal/baggage",
    "internal/baggage/remote",
    "internal/spanlog",
    "internal/throttler",
    "internal/throttler/remote",
    "log",
    "rpcmetrics",
    "thrift",
    "thrift-gen/agent",
    "thrift-gen/baggage",
    "thrift-gen/jaeger",
    "thrift-gen/sampling",
    "thrift-gen/zipkincore",
    "utils"
  ]
  revision = "b043381d944715b469fd6b37addfd30145ca1758"
  version = "v2.14.0"

[[projects]]
  name = "github.com/uber/jaeger-lib"
  packages = ["metrics"]
  revision = "ed3a127ec5fef7ae9ea95b01b542c47fbd999ce5"
  version = "v1.5.0"

[[projects]]
  name = "github.com/victorcoder/dkron"
  packages = ["cron"]
  revision = "d2eb5174f85bdfe6b33094343651e8d4a6ea5f8b"
  version = "v0.10.2"

[[projects]]
  branch = "master"
  name = "golang.org/x/crypto"
  packages = [
    "ed25519",
    "ed25519/internal/edwards25519"
  ]
  revision = "7f39a6fea4fe9364fb61e1def6a268a51b4f3a06"

[[projects]]
  branch = "master"
  name = "golang.org/x/net"
  packages = [
    "context",
    "context/ctxhttp",
    "http/httpguts",
    "http2",
    "http2/hpack",
    "idna",
    "internal/timeseries",
    "publicsuffix",
    "trace"
  ]
  revision = "db08ff08e8622530d9ed3a0e8ac279f6d4c02196"

[[projects]]
  branch = "master"
  name = "golang.org/x/oauth2"
  packages = [
    ".",
    "internal"
  ]
  revision = "088f8e1d436e8d636f13cd83a345b3d6ff2f04ae"

[[projects]]
  branch = "master"
  name = "golang.org/x/sys"
  packages = ["unix"]
  revision = "fc8bd948cf46f9c7af0f07d34151ce25fe90e477"

[[projects]]
  name = "golang.org/x/text"
  packages = [
    "collate",
    "collate/build",
    "internal/colltab",
    "internal/gen",
    "internal/tag",
    "internal/triegen",
    "internal/ucd",
    "language",
    "secure/bidirule",
    "transform",
    "unicode/bidi",
    "unicode/cldr",
    "unicode/norm",
    "unicode/rangetable"
  ]
  revision = "f21a4dfb5e38f5895301dc265a8def02365cc3d0"
  version = "v0.3.0"

[[projects]]
  branch = "master"
  name = "golang.org/x/time"
  packages = ["rate"]
  revision = "fbb02b2291d28baffd63558aa44b4b56f178d650"

[[projects]]
  name = "google.golang.org/appengine"
  packages = [
    "internal",
    "internal/base",
    "internal/datastore",
    "internal/log",
    "internal/remote_api",
    "internal/urlfetch",
    "urlfetch"
  ]
  revision = "b1f26356af11148e710935ed1ac8a7f5702c7612"
  version = "v1.1.0"

[[projects]]
  branch = "master"
  name = "google.golang.org/genproto"
  packages = ["googleapis/rpc/status"]
  revision = "32ee49c4dd805befd833990acba36cb75042378c"

[[projects]]
  name = "google.golang.org/grpc"
  packages = [
    ".",
    "balancer",
    "balancer/base",
    "balancer/roundrobin",
    "codes",
    "connectivity",
    "credentials",
    "encoding",
    "encoding/proto",
    "grpclog",
    "internal",
    "internal/backoff",
    "internal/channelz",
    "internal/grpcrand",
    "keepalive",
    "metadata",
    "naming",
    "peer",
    "resolver",
    "resolver/dns",
    "resolver/passthrough",
    "stats",
    "status",
    "tap",
    "transport"
  ]
  revision = "168a6198bcb0ef175f7dacec0b8691fc141dc9b8"
  version = "v1.13.0"

[[projects]]
  name = "gopkg.in/h2non/gentleman.v2"
  packages = [
    ".",
    "context",
    "middleware",
    "mux",
    "plugin",
    "plugins/body",
    "plugins/bodytype",
    "plugins/cookies",
    "plugins/headers",
    "plugins/multipart",
    "plugins/query",
    "plugins/timeout",
    "plugins/url",
    "utils"
  ]
  revision = "e0f81be2f4064ea7aa7470e9daddd2dc8e8152c7"
  version = "v2.0.3"

[[projects]]
  name = "gopkg.in/square/go-jose.v2"
  packages = [
    ".",
    "cipher",
    "json"
  ]
  revision = "76dd09796242edb5b897103a75df2645c028c960"
  version = "v2.1.6"

[[projects]]
  name = "gopkg.in/yaml.v2"
  packages = ["."]
  revision = "5420a8b6744d3b0345ab293f6fcba19c978f1183"
  version = "v2.2.1"

[solve-meta]
  analyzer-name = "dep"
  analyzer-version = 1
  inputs-digest = "8ce81764c4c0f4a963b1de50213c9a47c72119aed5b761ea3078d8cccc959f06"
  solver-name = "gps-cdcl"
  solver-version = 1
