# This file is autogenerated, do not edit; changes may be undone by the next 'dep ensure'.


[[projects]]
  digest = "1:8515c0ca4381246cf332cee05fc84070bbbb07bd679b639161506ba532f47128"
  name = "github.com/VividCortex/gohistogram"
  packages = ["."]
  pruneopts = "UT"
  revision = "51564d9861991fb0ad0f531c99ef602d0f9866e6"
  version = "v1.0.0"

[[projects]]
  digest = "1:83e6c5598ada17937cccac65bd958911d4207622b998b573824a54c3309f6cde"
  name = "github.com/certifi/gocertifi"
  packages = ["."]
  pruneopts = "UT"
  revision = "83314bf6d27c99d871fe836cd823f6da424d5149"
  version = "2021.04.29"

[[projects]]
  digest = "1:58c09d5fde29e6c70cfd96909b6190ada115a3ecd35fb6b238864a06f1d28070"
  name = "github.com/cloudtrust/common-service"
  packages = [
    ".",
    "configuration",
    "database",
    "database/sqltypes",
    "errors",
    "healthcheck",
    "http",
    "idgenerator",
    "json",
    "log",
    "metrics",
    "middleware",
    "security",
    "tracing",
    "tracking",
    "validation",
  ]
  pruneopts = "UT"
  revision = "85ac017acf51e11933e8e4cb945260ab01f397cc"
  version = "v2.5.0"

[[projects]]
  digest = "1:a30e7f08466a15b8439a7321a5480a9c2b10d4efe11aac043e606b544c9cc08f"
  name = "github.com/cloudtrust/httpclient"
  packages = ["."]
  pruneopts = "UT"
  revision = "985a5237b40e8f619a16b421008a57539c05751e"
  version = "v1.0.4"

[[projects]]
  digest = "1:d8338b7445c543f4d193f176152c9f8a03cd83e6ef0e3fa8546e715f09b1dbd2"
  name = "github.com/cloudtrust/keycloak-client"
  packages = [
    ".",
    "api",
    "toolbox",
  ]
  pruneopts = "UT"
  revision = "a107ed4d56e20ac607449edf24c2c7c3530a59f0"
  version = "v2.4.3"

[[projects]]
  digest = "1:910c5b111ca13127693df80a59be2c952ad97313626116c0c9895e7b588f2a29"
  name = "github.com/coreos/go-oidc"
  packages = ["."]
  pruneopts = "UT"
  revision = "8d771559cf6e5111c9b9159810d0e4538e7cdc82"
  version = "v2.2.1"

[[projects]]
  digest = "1:ffe9824d294da03b391f44e1ae8281281b4afc1bdaa9588c9097785e3af10cec"
  name = "github.com/davecgh/go-spew"
  packages = ["spew"]
  pruneopts = "UT"
  revision = "8991bc29aa16c548c550c7ff78260e27b9ab7c73"
  version = "v1.1.1"

[[projects]]
  digest = "1:db78764ccd0698098e746bd1288916950bf875463915672051f1bdfef120e442"
  name = "github.com/fsnotify/fsnotify"
  packages = ["."]
  pruneopts = "UT"
  revision = "466b39d216616549a37ee93c7c47775f6a010790"
  version = "v1.5.1"

[[projects]]
  digest = "1:cb07c3f044a051a6e3c984dc6f09ba5cb7d51d74fb9a0f15db294561c98740f8"
  name = "github.com/gbrlsnchs/jwt"
  packages = ["."]
  pruneopts = "UT"
  revision = "808efa0714baff8c25cc65ef8681966740beb9f9"
  version = "v2.0.0"

[[projects]]
  digest = "1:d18f6f088d7d8365df47f49dfa24b6ff6701a941118ffda30c589d1bd954074b"
  name = "github.com/getsentry/raven-go"
  packages = ["."]
  pruneopts = "UT"
  revision = "f04e7487e9a6b9d9837d52743fb5f40576c56411"
  version = "v0.2.0"

[[projects]]
  digest = "1:15c75b28cf00c6cc6763b2544a6424aa2b94c0f1d6ed0230a1fd7e0c381a6d22"
  name = "github.com/go-kit/kit"
  packages = [
    "endpoint",
    "log",
    "log/level",
    "metrics",
    "metrics/generic",
    "metrics/influx",
    "metrics/internal/lv",
    "ratelimit",
    "transport/http",
  ]
  pruneopts = "UT"
  revision = "12210fb6ace19e0496167bb3e667dcd91fa9f69b"
  version = "v0.8.0"

[[projects]]
  digest = "1:833d559e697da601e5b53d0defde937e0c0ca61dade3d979aa46ed92c6d1ab47"
  name = "github.com/go-logfmt/logfmt"
  packages = ["."]
  pruneopts = "UT"
  revision = "2fe45f2cf057d707c50bc1949e25ec2cd6b7a015"
  version = "v0.5.1"

[[projects]]
  digest = "1:e3b25b60c5598d88c45b25d85a76816d0a81fc3fd46c00791136614c1183fc0b"
  name = "github.com/go-sql-driver/mysql"
  packages = ["."]
  pruneopts = "UT"
  revision = "bcc459a906419e2890a50fc2c99ea6dd927a88f2"
  version = "v1.6.0"

[[projects]]
  digest = "1:11f8404336ea77a20c91804969ab428a3f4d0fcce78a601e966e16465ab37742"
  name = "github.com/golang/mock"
  packages = ["gomock"]
  pruneopts = "UT"
  revision = "aba2ff9a6844d5e3289e8472d3217d5b3090f083"
  version = "v1.6.0"

[[projects]]
  digest = "1:9e62e8886ca549ad17aa4db1783e469f10e424652595304fdc2c8ecda5d25476"
  name = "github.com/golang/protobuf"
  packages = ["proto"]
  pruneopts = "UT"
  revision = "ae97035608a719c7a1c1c41bed0ae0744bdb0c6f"
  version = "v1.5.2"

[[projects]]
  digest = "1:bbba45b09b3b502dc39afb36c3e9f89b9c2832b1f6d673277c97eade8875e462"
  name = "github.com/google/uuid"
  packages = ["."]
  pruneopts = "UT"
  revision = "44b5fee7c49cf3bcdf723f106b36d56ef13ccc88"
  version = "v1.3.0"

[[projects]]
  digest = "1:6078383dbb7405bfa3ce16957f37564e3b716afa29b6eb45ffdb6674624d1e0d"
  name = "github.com/gorilla/mux"
  packages = ["."]
  pruneopts = "UT"
  revision = "98cb6bf42e086f6af920b965c38cacc07402d51b"
  version = "v1.8.0"

[[projects]]
  digest = "1:c0d19ab64b32ce9fe5cf4ddceba78d5bc9807f0016db6b1183599da3dcc24d10"
  name = "github.com/hashicorp/hcl"
  packages = [
    ".",
    "hcl/ast",
    "hcl/parser",
    "hcl/printer",
    "hcl/scanner",
    "hcl/strconv",
    "hcl/token",
    "json/parser",
    "json/scanner",
    "json/token",
  ]
  pruneopts = "UT"
  revision = "8cb6e5b959231cc1119e43259c4a608f9c51a241"
  version = "v1.0.0"

[[projects]]
  digest = "1:5b4bb5559637f6064897162f7fc4ac8951da119e0789938eab4faac8f8edd45d"
  name = "github.com/influxdata/influxdb"
  packages = [
    "client/v2",
    "models",
    "pkg/escape",
  ]
  pruneopts = "UT"
  revision = "10c242c19b46d0ed91478439d8716eddb2eca1e0"
  version = "v1.9.5"

[[projects]]
  digest = "1:634dc6e58c6c8c3d8d0204ecd14d9f88efa2cea3276ee96082c1483a991cdef8"
  name = "github.com/lib/pq"
  packages = [
    ".",
    "oid",
    "scram",
  ]
  pruneopts = "UT"
  revision = "756b4d73db86a374aecc8bb20f134f8c4dc81a49"
  version = "v1.10.3"

[[projects]]
  digest = "1:03d538738f78db8960b276c8cc1b90f53809290831a8daea2ceeaeccccbc585a"
  name = "github.com/magiconair/properties"
  packages = ["."]
  pruneopts = "UT"
  revision = "291b8266af1000c77a12ae6d4dde1145a028012f"
  version = "v1.8.5"

[[projects]]
  digest = "1:e4a32669ef4a29ab3ca1baec4a1b038827237a38852a2a7180c03618520f95e1"
  name = "github.com/mitchellh/mapstructure"
  packages = ["."]
  pruneopts = "UT"
  revision = "5ac1f6aa4011ece0c4df24a4fe8020a9cc21e393"
  version = "v1.4.2"

[[projects]]
  digest = "1:e9d664a49134148a411435a2f2a4ff19a97f7562d33ddb2b3d7efd0108766e9e"
  name = "github.com/nyaruka/phonenumbers"
  packages = ["."]
  pruneopts = "UT"
  revision = "079bbfe0dffc23890b89db8f76d8c391ee64f967"
  version = "v1.0.72"

[[projects]]
  digest = "1:86fbd18c1942728ab9cebc391bfe31266a27e2d2a0cf05c3bce8fc605e5f44c2"
  name = "github.com/opentracing/opentracing-go"
  packages = [
    ".",
    "ext",
    "log",
  ]
  pruneopts = "UT"
  revision = "d34af3eaa63c4d08ab54863a4bdd0daa45212e12"
  version = "v1.2.0"

[[projects]]
  digest = "1:fc865e52c574a92a628aee6cc4fb6b78f2bd2becf121881a1d6d1cfc6fb86b33"
  name = "github.com/pelletier/go-toml"
  packages = ["."]
  pruneopts = "UT"
  revision = "b8ba995eaaba4be30c8a8090bdfb4aa61af52054"
  version = "v1.9.4"

[[projects]]
  digest = "1:9e1d37b58d17113ec3cb5608ac0382313c5b59470b94ed97d0976e69c7022314"
  name = "github.com/pkg/errors"
  packages = ["."]
  pruneopts = "UT"
  revision = "614d223910a179a466c1767a985424175c39b465"
  version = "v0.9.1"

[[projects]]
  digest = "1:0028cb19b2e4c3112225cd871870f2d9cf49b9b4276531f03438a88e94be86fe"
  name = "github.com/pmezard/go-difflib"
  packages = ["difflib"]
  pruneopts = "UT"
  revision = "792786c7400a136282c1664665ae0a8db921c6c2"
  version = "v1.0.0"

[[projects]]
  digest = "1:d5196f472a74a1f6556b0835361e0544683ceba09a638bbcb5c258091eb7badb"
  name = "github.com/pquerna/cachecontrol"
  packages = [
    ".",
    "cacheobject",
  ]
  pruneopts = "UT"
  revision = "fb00f8a766ae43bf209f50299ce7d69669416dfb"
  version = "v0.1.0"

[[projects]]
  digest = "1:77f0836045cdf43a3372c64cdd2f9c007e3681eb7ad2a1f53699499254c76000"
  name = "github.com/rs/cors"
  packages = ["."]
  pruneopts = "UT"
  revision = "64821dda5aedeb954fb2caf787f7a1030085ab34"
  version = "v1.8.0"

[[projects]]
  digest = "1:9892d658619bf7f315a58e16a11abfe4aa26cca56d45441e8cc2bb25d4641b89"
  name = "github.com/spf13/afero"
  packages = [
    ".",
    "mem",
  ]
  pruneopts = "UT"
  revision = "bc94f58beda5dbff6f74599fcb1f1717c5b1c111"
  version = "v1.6.0"

[[projects]]
  digest = "1:df641e58f425436baeeb55d7a65a18f6a109591cd485a9b90d974a8fe4340eb4"
  name = "github.com/spf13/cast"
  packages = ["."]
  pruneopts = "UT"
  revision = "88075729b052bca4b8b6c31bf198db2fe6c9da93"
  version = "v1.4.1"

[[projects]]
  digest = "1:1b753ec16506f5864d26a28b43703c58831255059644351bbcb019b843950900"
  name = "github.com/spf13/jwalterweatherman"
  packages = ["."]
  pruneopts = "UT"
  revision = "94f6ae3ed3bceceafa716478c5fbf8d29ca601a1"
  version = "v1.1.0"

[[projects]]
  digest = "1:524b71991fc7d9246cc7dc2d9e0886ccb97648091c63e30eef619e6862c955dd"
  name = "github.com/spf13/pflag"
  packages = ["."]
  pruneopts = "UT"
  revision = "2e9d26c8c37aae03e3f9d4e90b7116f5accb7cab"
  version = "v1.0.5"

[[projects]]
  digest = "1:6dce9efe1b9ac8961cefc8563aa9eab11fd707bbe57af711e73a01d9eaa6aa33"
  name = "github.com/spf13/viper"
  packages = [
    ".",
    "internal/encoding",
    "internal/encoding/hcl",
    "internal/encoding/json",
    "internal/encoding/toml",
    "internal/encoding/yaml",
  ]
  pruneopts = "UT"
  revision = "b1fdc47b0d05b6af898a3d50aefd62c5825a17fe"
  version = "v1.9.0"

[[projects]]
  digest = "1:edb231f4f062fe87e1cc93351e1ee06d4cebf553d1f85f9f3b9b4903df42df20"
  name = "github.com/stretchr/testify"
  packages = ["assert"]
  pruneopts = "UT"
  revision = "acba37e5db06f0093b465a7d47822bf13644b66c"
  version = "v1.7.0"

[[projects]]
  digest = "1:f4b32291cad5efac2bfdba89ccde6aa04618b62ce06c1a571da2dc4f3f2677fb"
  name = "github.com/subosito/gotenv"
  packages = ["."]
  pruneopts = "UT"
  revision = "2ef7124db659d49edac6aa459693a15ae36c671a"
  version = "v1.2.0"

[[projects]]
  digest = "1:d856de4fbe254f9b618e07dcf36effedcd32e36af6bab2e4ed87f193084d2716"
  name = "github.com/uber/jaeger-client-go"
  packages = [
    ".",
    "config",
    "internal/baggage",
    "internal/baggage/remote",
    "internal/reporterstats",
    "internal/spanlog",
    "internal/throttler",
    "internal/throttler/remote",
    "log",
    "rpcmetrics",
    "thrift",
    "thrift-gen/agent",
    "thrift-gen/baggage",
    "thrift-gen/jaeger",
    "thrift-gen/sampling",
    "thrift-gen/zipkincore",
    "transport",
    "utils",
  ]
  pruneopts = "UT"
  revision = "f5d688f78184a0a96249d1fc374dc3478ec3adaa"
  version = "v2.29.1"

[[projects]]
  digest = "1:d7b6fd08442b8d26882fae2c859a0d63962d72a533476a217d46743ed30cb803"
  name = "github.com/uber/jaeger-lib"
  packages = ["metrics"]
  pruneopts = "UT"
  revision = "19c1561a544f618cb465213b043f67103c09107b"
  version = "v2.4.1"

[[projects]]
  digest = "1:4306d6fbe32c56aa4808c78118ab2dd03c5b52f471fea11b23377f4e2bc4f48a"
  name = "go.uber.org/atomic"
  packages = ["."]
  pruneopts = "UT"
  revision = "3504dfaa1fa414923b1c8693f45d2f6931daf229"
  version = "v1.9.0"

[[projects]]
  branch = "master"
  digest = "1:b01eab0cb5556f082c4acae90a479812d5999ba3748e3fe8f9bc8f57bef56b3f"
  name = "golang.org/x/crypto"
  packages = [
    "ed25519",
    "ed25519/internal/edwards25519",
    "pbkdf2",
  ]
  pruneopts = "UT"
  revision = "089bfa5675191fd96a44247682f76ebca03d7916"

[[projects]]
  branch = "master"
  digest = "1:fb56af3d31a10edad3067b488ec26f86bfed2459ae67b2608a613416e1d9f6e5"
  name = "golang.org/x/net"
  packages = [
    "context",
    "context/ctxhttp",
    "idna",
    "publicsuffix",
  ]
  pruneopts = "UT"
  revision = "caeb26a5c8c0e54ed2051235be4c86faa48b176f"

[[projects]]
  branch = "master"
  digest = "1:f61fe67341c0aa7358c3050eb03d66e4484721526eef17c74e43bd648518492e"
  name = "golang.org/x/oauth2"
  packages = [
    ".",
    "internal",
  ]
  pruneopts = "UT"
  revision = "6b3c2da341f1ae337c2ca717bfb1cfef01aeed9b"

[[projects]]
  branch = "master"
  digest = "1:d9a16e4f793074d6225256927f130b6571d61dc80f1df8097fd1e89a0e26fae9"
  name = "golang.org/x/sys"
  packages = [
    "internal/unsafeheader",
    "unix",
  ]
  pruneopts = "UT"
  revision = "d3039528d8ac77ce0bb04ffba446619b12674a8b"

[[projects]]
  digest = "1:c9f99de7a59710d6160060a62e92e3c2899174af0b60cc8f4188eb98a5a0d1e6"
  name = "golang.org/x/text"
  packages = [
    "collate",
    "collate/build",
    "internal/colltab",
    "internal/gen",
    "internal/language",
    "internal/language/compact",
    "internal/tag",
    "internal/triegen",
    "internal/ucd",
    "language",
    "secure/bidirule",
    "transform",
    "unicode/bidi",
    "unicode/cldr",
    "unicode/norm",
    "unicode/rangetable",
  ]
  pruneopts = "UT"
  revision = "383b2e75a7a4198c42f8f87833eefb772868a56f"
  version = "v0.3.7"

[[projects]]
  branch = "master"
  digest = "1:2d1ac98818624b5d4ca0b6c47fb7a3afd988c7d0ef7cfd13942176a450748b3b"
  name = "golang.org/x/time"
  packages = ["rate"]
  pruneopts = "UT"
  revision = "1f47c861a9ac5a6e7645609f91b895398ff31642"

[[projects]]
  digest = "1:15bbb120d95283019f8891f2762fab3e735075b2cf9b378497277d2fe6c4abca"
  name = "google.golang.org/appengine"
  packages = [
    "internal",
    "internal/base",
    "internal/datastore",
    "internal/log",
    "internal/remote_api",
    "internal/urlfetch",
    "urlfetch",
  ]
  pruneopts = "UT"
  revision = "5d1c1d03f8703c2e81478d9a30e9afa2d3e4bd8a"
  version = "v1.6.7"

[[projects]]
  digest = "1:91dddce5adec4faf06a99a6d12bfce2b91da56d009e88a69a6e328a861f19ac7"
  name = "google.golang.org/protobuf"
  packages = [
    "encoding/prototext",
    "encoding/protowire",
    "internal/descfmt",
    "internal/descopts",
    "internal/detrand",
    "internal/encoding/defval",
    "internal/encoding/messageset",
    "internal/encoding/tag",
    "internal/encoding/text",
    "internal/errors",
    "internal/filedesc",
    "internal/filetype",
    "internal/flags",
    "internal/genid",
    "internal/impl",
    "internal/order",
    "internal/pragma",
    "internal/set",
    "internal/strs",
    "internal/version",
    "proto",
    "reflect/protodesc",
    "reflect/protoreflect",
    "reflect/protoregistry",
    "runtime/protoiface",
    "runtime/protoimpl",
    "types/descriptorpb",
  ]
  pruneopts = "UT"
  revision = "b92717ecb630d4a4824b372bf98c729d87311a4d"
  version = "v1.27.1"

[[projects]]
  digest = "1:e957094a53f7233fbf0847e9789ea6b0e41287eaf5179888503c82c3aecabaf7"
  name = "gopkg.in/h2non/gentleman.v2"
  packages = [
    ".",
    "context",
    "middleware",
    "mux",
    "plugin",
    "plugins/body",
    "plugins/bodytype",
    "plugins/cookies",
    "plugins/headers",
    "plugins/multipart",
    "plugins/query",
    "plugins/timeout",
    "plugins/url",
    "utils",
  ]
  pruneopts = "UT"
  revision = "f14529a1dee7b7a12b57032fea670377c4030f50"
  version = "v2.0.5"

[[projects]]
  digest = "1:42fdc4327bab71c897722ab83568b43be68cfdd253c776e8c4b972f6c3bcd520"
  name = "gopkg.in/ini.v1"
  packages = ["."]
  pruneopts = "UT"
  revision = "14e9811b1643cf01ea36277e44dffef4f119fa31"
  version = "v1.63.2"

[[projects]]
  digest = "1:059cd8cf6325197d99cf8b4047879fdf41782667a3c97062b8eb952afaa6ee53"
  name = "gopkg.in/square/go-jose.v2"
  packages = [
    ".",
    "cipher",
    "json",
  ]
  pruneopts = "UT"
  revision = "a10ff54e00bc6e833bf549e04ae976f0fe8ea2fd"
  version = "v2.6.0"

[[projects]]
  digest = "1:5054a1f394226de9e6ddc47b0ba77e35092a4112f4a1cd9cb94aba1f5bdc3ec6"
  name = "gopkg.in/yaml.v2"
  packages = ["."]
  pruneopts = "UT"
  revision = "7649d4548cb53a614db133b2a8ac1f31859dda8c"
  version = "v2.4.0"

[[projects]]
  branch = "v3"
  digest = "1:107a619d3c3bcca214b2b7db810a5dffcd74b5d0262813cb2986e063fae2722f"
  name = "gopkg.in/yaml.v3"
  packages = ["."]
  pruneopts = "UT"
  revision = "496545a6307b2a7d7a710fd516e5e16e8ab62dbc"

[solve-meta]
  analyzer-name = "dep"
  analyzer-version = 1
  input-imports = [
    "github.com/cloudtrust/common-service",
    "github.com/cloudtrust/common-service/configuration",
    "github.com/cloudtrust/common-service/database",
    "github.com/cloudtrust/common-service/database/sqltypes",
    "github.com/cloudtrust/common-service/errors",
    "github.com/cloudtrust/common-service/healthcheck",
    "github.com/cloudtrust/common-service/http",
    "github.com/cloudtrust/common-service/idgenerator",
    "github.com/cloudtrust/common-service/json",
    "github.com/cloudtrust/common-service/log",
    "github.com/cloudtrust/common-service/metrics",
    "github.com/cloudtrust/common-service/middleware",
    "github.com/cloudtrust/common-service/security",
    "github.com/cloudtrust/common-service/tracing",
    "github.com/cloudtrust/common-service/tracking",
    "github.com/cloudtrust/common-service/validation",
    "github.com/cloudtrust/httpclient",
    "github.com/cloudtrust/keycloak-client",
    "github.com/cloudtrust/keycloak-client/api",
    "github.com/cloudtrust/keycloak-client/toolbox",
    "github.com/go-kit/kit/endpoint",
    "github.com/go-kit/kit/log",
    "github.com/go-kit/kit/log/level",
    "github.com/go-kit/kit/ratelimit",
    "github.com/go-kit/kit/transport/http",
    "github.com/go-sql-driver/mysql",
    "github.com/golang/mock/gomock",
    "github.com/google/uuid",
    "github.com/gorilla/mux",
    "github.com/lib/pq",
    "github.com/pkg/errors",
    "github.com/rs/cors",
    "github.com/spf13/cast",
    "github.com/spf13/pflag",
    "github.com/spf13/viper",
    "github.com/stretchr/testify/assert",
    "golang.org/x/time/rate",
    "gopkg.in/h2non/gentleman.v2/plugin",
    "gopkg.in/h2non/gentleman.v2/plugins/body",
    "gopkg.in/h2non/gentleman.v2/plugins/headers",
    "gopkg.in/h2non/gentleman.v2/plugins/query",
    "gopkg.in/h2non/gentleman.v2/plugins/url",
  ]
  solver-name = "gps-cdcl"
  solver-version = 1
